// !$*UTF8*$!
{
	archiveVersion = 1;
	classes = {
	};
	objectVersion = 46;
	objects = {

/* Begin PBXBuildFile section */
		2722FA6019CDD22800798814 /* AppDelegate.swift in Sources */ = {isa = PBXBuildFile; fileRef = 2722FA5F19CDD22800798814 /* AppDelegate.swift */; };
		2722FA6219CDD22800798814 /* ViewController.swift in Sources */ = {isa = PBXBuildFile; fileRef = 2722FA6119CDD22800798814 /* ViewController.swift */; };
		2722FA6519CDD22800798814 /* Main.storyboard in Resources */ = {isa = PBXBuildFile; fileRef = 2722FA6319CDD22800798814 /* Main.storyboard */; };
		2722FA6719CDD22800798814 /* Images.xcassets in Resources */ = {isa = PBXBuildFile; fileRef = 2722FA6619CDD22800798814 /* Images.xcassets */; };
		2722FA7319CDD22800798814 /* CarouselTests.swift in Sources */ = {isa = PBXBuildFile; fileRef = 2722FA7219CDD22800798814 /* CarouselTests.swift */; };
		2722FA7D19CDD35100798814 /* WelcomeViewController.swift in Sources */ = {isa = PBXBuildFile; fileRef = 2722FA7C19CDD35100798814 /* WelcomeViewController.swift */; };
		2722FA7F19CDD5B700798814 /* SignInViewController.swift in Sources */ = {isa = PBXBuildFile; fileRef = 2722FA7E19CDD5B700798814 /* SignInViewController.swift */; };
		27C37B4519CDEFCD001E6AD2 /* IntroViewController.swift in Sources */ = {isa = PBXBuildFile; fileRef = 27C37B4419CDEFCD001E6AD2 /* IntroViewController.swift */; };
		27C37B4719CE0A76001E6AD2 /* FeedViewController.swift in Sources */ = {isa = PBXBuildFile; fileRef = 27C37B4619CE0A76001E6AD2 /* FeedViewController.swift */; };
		27C37B4919CF2018001E6AD2 /* ConversationViewController.swift in Sources */ = {isa = PBXBuildFile; fileRef = 27C37B4819CF2018001E6AD2 /* ConversationViewController.swift */; };
		27C37B4B19CF210A001E6AD2 /* SettingsViewController.swift in Sources */ = {isa = PBXBuildFile; fileRef = 27C37B4A19CF210A001E6AD2 /* SettingsViewController.swift */; };
		27C37B4D19CF8EE5001E6AD2 /* GettingStartedViewController.swift in Sources */ = {isa = PBXBuildFile; fileRef = 27C37B4C19CF8EE5001E6AD2 /* GettingStartedViewController.swift */; };
		27C37B4F19CF9DBD001E6AD2 /* PhotoViewController.swift in Sources */ = {isa = PBXBuildFile; fileRef = 27C37B4E19CF9DBD001E6AD2 /* PhotoViewController.swift */; };
		27C37B5119CFAB90001E6AD2 /* CreateAccountViewController.swift in Sources */ = {isa = PBXBuildFile; fileRef = 27C37B5019CFAB90001E6AD2 /* CreateAccountViewController.swift */; };
		27C37B5319CFCE88001E6AD2 /* TermsViewController.swift in Sources */ = {isa = PBXBuildFile; fileRef = 27C37B5219CFCE88001E6AD2 /* TermsViewController.swift */; };
/* End PBXBuildFile section */

/* Begin PBXContainerItemProxy section */
		2722FA6D19CDD22800798814 /* PBXContainerItemProxy */ = {
			isa = PBXContainerItemProxy;
			containerPortal = 2722FA5219CDD22800798814 /* Project object */;
			proxyType = 1;
			remoteGlobalIDString = 2722FA5919CDD22800798814;
			remoteInfo = Carousel;
		};
/* End PBXContainerItemProxy section */

/* Begin PBXFileReference section */
		2722FA5A19CDD22800798814 /* Carousel.app */ = {isa = PBXFileReference; explicitFileType = wrapper.application; includeInIndex = 0; path = Carousel.app; sourceTree = BUILT_PRODUCTS_DIR; };
		2722FA5E19CDD22800798814 /* Info.plist */ = {isa = PBXFileReference; lastKnownFileType = text.plist.xml; path = Info.plist; sourceTree = "<group>"; };
		2722FA5F19CDD22800798814 /* AppDelegate.swift */ = {isa = PBXFileReference; lastKnownFileType = sourcecode.swift; path = AppDelegate.swift; sourceTree = "<group>"; };
		2722FA6119CDD22800798814 /* ViewController.swift */ = {isa = PBXFileReference; lastKnownFileType = sourcecode.swift; path = ViewController.swift; sourceTree = "<group>"; };
		2722FA6419CDD22800798814 /* Base */ = {isa = PBXFileReference; lastKnownFileType = file.storyboard; name = Base; path = Base.lproj/Main.storyboard; sourceTree = "<group>"; };
		2722FA6619CDD22800798814 /* Images.xcassets */ = {isa = PBXFileReference; lastKnownFileType = folder.assetcatalog; path = Images.xcassets; sourceTree = "<group>"; };
		2722FA6C19CDD22800798814 /* CarouselTests.xctest */ = {isa = PBXFileReference; explicitFileType = wrapper.cfbundle; includeInIndex = 0; path = CarouselTests.xctest; sourceTree = BUILT_PRODUCTS_DIR; };
		2722FA7119CDD22800798814 /* Info.plist */ = {isa = PBXFileReference; lastKnownFileType = text.plist.xml; path = Info.plist; sourceTree = "<group>"; };
		2722FA7219CDD22800798814 /* CarouselTests.swift */ = {isa = PBXFileReference; lastKnownFileType = sourcecode.swift; path = CarouselTests.swift; sourceTree = "<group>"; };
		2722FA7C19CDD35100798814 /* WelcomeViewController.swift */ = {isa = PBXFileReference; fileEncoding = 4; lastKnownFileType = sourcecode.swift; path = WelcomeViewController.swift; sourceTree = "<group>"; };
		2722FA7E19CDD5B700798814 /* SignInViewController.swift */ = {isa = PBXFileReference; fileEncoding = 4; lastKnownFileType = sourcecode.swift; path = SignInViewController.swift; sourceTree = "<group>"; };
		27C37B4419CDEFCD001E6AD2 /* IntroViewController.swift */ = {isa = PBXFileReference; fileEncoding = 4; lastKnownFileType = sourcecode.swift; path = IntroViewController.swift; sourceTree = "<group>"; };
		27C37B4619CE0A76001E6AD2 /* FeedViewController.swift */ = {isa = PBXFileReference; fileEncoding = 4; lastKnownFileType = sourcecode.swift; path = FeedViewController.swift; sourceTree = "<group>"; };
		27C37B4819CF2018001E6AD2 /* ConversationViewController.swift */ = {isa = PBXFileReference; fileEncoding = 4; lastKnownFileType = sourcecode.swift; path = ConversationViewController.swift; sourceTree = "<group>"; };
		27C37B4A19CF210A001E6AD2 /* SettingsViewController.swift */ = {isa = PBXFileReference; fileEncoding = 4; lastKnownFileType = sourcecode.swift; path = SettingsViewController.swift; sourceTree = "<group>"; };
		27C37B4C19CF8EE5001E6AD2 /* GettingStartedViewController.swift */ = {isa = PBXFileReference; fileEncoding = 4; lastKnownFileType = sourcecode.swift; path = GettingStartedViewController.swift; sourceTree = "<group>"; };
		27C37B4E19CF9DBD001E6AD2 /* PhotoViewController.swift */ = {isa = PBXFileReference; fileEncoding = 4; lastKnownFileType = sourcecode.swift; path = PhotoViewController.swift; sourceTree = "<group>"; };
		27C37B5019CFAB90001E6AD2 /* CreateAccountViewController.swift */ = {isa = PBXFileReference; fileEncoding = 4; lastKnownFileType = sourcecode.swift; path = CreateAccountViewController.swift; sourceTree = "<group>"; };
		27C37B5219CFCE88001E6AD2 /* TermsViewController.swift */ = {isa = PBXFileReference; fileEncoding = 4; lastKnownFileType = sourcecode.swift; path = TermsViewController.swift; sourceTree = "<group>"; };
/* End PBXFileReference section */

/* Begin PBXFrameworksBuildPhase section */
		2722FA5719CDD22800798814 /* Frameworks */ = {
			isa = PBXFrameworksBuildPhase;
			buildActionMask = 2147483647;
			files = (
			);
			runOnlyForDeploymentPostprocessing = 0;
		};
		2722FA6919CDD22800798814 /* Frameworks */ = {
			isa = PBXFrameworksBuildPhase;
			buildActionMask = 2147483647;
			files = (
			);
			runOnlyForDeploymentPostprocessing = 0;
		};
/* End PBXFrameworksBuildPhase section */

/* Begin PBXGroup section */
		2722FA5119CDD22800798814 = {
			isa = PBXGroup;
			children = (
				2722FA5C19CDD22800798814 /* Carousel */,
				2722FA6F19CDD22800798814 /* CarouselTests */,
				2722FA5B19CDD22800798814 /* Products */,
			);
			sourceTree = "<group>";
		};
		2722FA5B19CDD22800798814 /* Products */ = {
			isa = PBXGroup;
			children = (
				2722FA5A19CDD22800798814 /* Carousel.app */,
				2722FA6C19CDD22800798814 /* CarouselTests.xctest */,
			);
			name = Products;
			sourceTree = "<group>";
		};
		2722FA5C19CDD22800798814 /* Carousel */ = {
			isa = PBXGroup;
			children = (
				2722FA5F19CDD22800798814 /* AppDelegate.swift */,
				2722FA6119CDD22800798814 /* ViewController.swift */,
				2722FA6319CDD22800798814 /* Main.storyboard */,
				27C37B5219CFCE88001E6AD2 /* TermsViewController.swift */,
				27C37B5019CFAB90001E6AD2 /* CreateAccountViewController.swift */,
				27C37B4E19CF9DBD001E6AD2 /* PhotoViewController.swift */,
				27C37B4C19CF8EE5001E6AD2 /* GettingStartedViewController.swift */,
				27C37B4A19CF210A001E6AD2 /* SettingsViewController.swift */,
				27C37B4819CF2018001E6AD2 /* ConversationViewController.swift */,
				27C37B4619CE0A76001E6AD2 /* FeedViewController.swift */,
				27C37B4419CDEFCD001E6AD2 /* IntroViewController.swift */,
				2722FA7E19CDD5B700798814 /* SignInViewController.swift */,
				2722FA7C19CDD35100798814 /* WelcomeViewController.swift */,
				2722FA6619CDD22800798814 /* Images.xcassets */,
				2722FA5D19CDD22800798814 /* Supporting Files */,
			);
			path = Carousel;
			sourceTree = "<group>";
		};
		2722FA5D19CDD22800798814 /* Supporting Files */ = {
			isa = PBXGroup;
			children = (
				2722FA5E19CDD22800798814 /* Info.plist */,
			);
			name = "Supporting Files";
			sourceTree = "<group>";
		};
		2722FA6F19CDD22800798814 /* CarouselTests */ = {
			isa = PBXGroup;
			children = (
				2722FA7219CDD22800798814 /* CarouselTests.swift */,
				2722FA7019CDD22800798814 /* Supporting Files */,
			);
			path = CarouselTests;
			sourceTree = "<group>";
		};
		2722FA7019CDD22800798814 /* Supporting Files */ = {
			isa = PBXGroup;
			children = (
				2722FA7119CDD22800798814 /* Info.plist */,
			);
			name = "Supporting Files";
			sourceTree = "<group>";
		};
/* End PBXGroup section */

/* Begin PBXNativeTarget section */
		2722FA5919CDD22800798814 /* Carousel */ = {
			isa = PBXNativeTarget;
			buildConfigurationList = 2722FA7619CDD22800798814 /* Build configuration list for PBXNativeTarget "Carousel" */;
			buildPhases = (
				2722FA5619CDD22800798814 /* Sources */,
				2722FA5719CDD22800798814 /* Frameworks */,
				2722FA5819CDD22800798814 /* Resources */,
			);
			buildRules = (
			);
			dependencies = (
			);
			name = Carousel;
			productName = Carousel;
			productReference = 2722FA5A19CDD22800798814 /* Carousel.app */;
			productType = "com.apple.product-type.application";
		};
		2722FA6B19CDD22800798814 /* CarouselTests */ = {
			isa = PBXNativeTarget;
			buildConfigurationList = 2722FA7919CDD22800798814 /* Build configuration list for PBXNativeTarget "CarouselTests" */;
			buildPhases = (
				2722FA6819CDD22800798814 /* Sources */,
				2722FA6919CDD22800798814 /* Frameworks */,
				2722FA6A19CDD22800798814 /* Resources */,
			);
			buildRules = (
			);
			dependencies = (
				2722FA6E19CDD22800798814 /* PBXTargetDependency */,
			);
			name = CarouselTests;
			productName = CarouselTests;
			productReference = 2722FA6C19CDD22800798814 /* CarouselTests.xctest */;
			productType = "com.apple.product-type.bundle.unit-test";
		};
/* End PBXNativeTarget section */

/* Begin PBXProject section */
		2722FA5219CDD22800798814 /* Project object */ = {
			isa = PBXProject;
			attributes = {
				LastUpgradeCheck = 0600;
				ORGANIZATIONNAME = "Kyle Pickering";
				TargetAttributes = {
					2722FA5919CDD22800798814 = {
						CreatedOnToolsVersion = 6.0;
					};
					2722FA6B19CDD22800798814 = {
						CreatedOnToolsVersion = 6.0;
						TestTargetID = 2722FA5919CDD22800798814;
					};
				};
			};
			buildConfigurationList = 2722FA5519CDD22800798814 /* Build configuration list for PBXProject "Carousel" */;
			compatibilityVersion = "Xcode 3.2";
			developmentRegion = English;
			hasScannedForEncodings = 0;
			knownRegions = (
				en,
				Base,
			);
			mainGroup = 2722FA5119CDD22800798814;
			productRefGroup = 2722FA5B19CDD22800798814 /* Products */;
			projectDirPath = "";
			projectRoot = "";
			targets = (
				2722FA5919CDD22800798814 /* Carousel */,
				2722FA6B19CDD22800798814 /* CarouselTests */,
			);
		};
/* End PBXProject section */

/* Begin PBXResourcesBuildPhase section */
		2722FA5819CDD22800798814 /* Resources */ = {
			isa = PBXResourcesBuildPhase;
			buildActionMask = 2147483647;
			files = (
				2722FA6519CDD22800798814 /* Main.storyboard in Resources */,
				2722FA6719CDD22800798814 /* Images.xcassets in Resources */,
			);
			runOnlyForDeploymentPostprocessing = 0;
		};
		2722FA6A19CDD22800798814 /* Resources */ = {
			isa = PBXResourcesBuildPhase;
			buildActionMask = 2147483647;
			files = (
			);
			runOnlyForDeploymentPostprocessing = 0;
		};
/* End PBXResourcesBuildPhase section */

/* Begin PBXSourcesBuildPhase section */
		2722FA5619CDD22800798814 /* Sources */ = {
			isa = PBXSourcesBuildPhase;
			buildActionMask = 2147483647;
			files = (
				27C37B4D19CF8EE5001E6AD2 /* GettingStartedViewController.swift in Sources */,
				27C37B4919CF2018001E6AD2 /* ConversationViewController.swift in Sources */,
				27C37B4519CDEFCD001E6AD2 /* IntroViewController.swift in Sources */,
				27C37B5119CFAB90001E6AD2 /* CreateAccountViewController.swift in Sources */,
				2722FA7F19CDD5B700798814 /* SignInViewController.swift in Sources */,
				2722FA7D19CDD35100798814 /* WelcomeViewController.swift in Sources */,
				2722FA6219CDD22800798814 /* ViewController.swift in Sources */,
				27C37B4719CE0A76001E6AD2 /* FeedViewController.swift in Sources */,
				2722FA6019CDD22800798814 /* AppDelegate.swift in Sources */,
				27C37B4B19CF210A001E6AD2 /* SettingsViewController.swift in Sources */,
				27C37B5319CFCE88001E6AD2 /* TermsViewController.swift in Sources */,
				27C37B4F19CF9DBD001E6AD2 /* PhotoViewController.swift in Sources */,
			);
			runOnlyForDeploymentPostprocessing = 0;
		};
		2722FA6819CDD22800798814 /* Sources */ = {
			isa = PBXSourcesBuildPhase;
			buildActionMask = 2147483647;
			files = (
				2722FA7319CDD22800798814 /* CarouselTests.swift in Sources */,
			);
			runOnlyForDeploymentPostprocessing = 0;
		};
/* End PBXSourcesBuildPhase section */

/* Begin PBXTargetDependency section */
		2722FA6E19CDD22800798814 /* PBXTargetDependency */ = {
			isa = PBXTargetDependency;
			target = 2722FA5919CDD22800798814 /* Carousel */;
			targetProxy = 2722FA6D19CDD22800798814 /* PBXContainerItemProxy */;
		};
/* End PBXTargetDependency section */

/* Begin PBXVariantGroup section */
		2722FA6319CDD22800798814 /* Main.storyboard */ = {
			isa = PBXVariantGroup;
			children = (
				2722FA6419CDD22800798814 /* Base */,
			);
			name = Main.storyboard;
			sourceTree = "<group>";
		};
/* End PBXVariantGroup section */

/* Begin XCBuildConfiguration section */
		2722FA7419CDD22800798814 /* Debug */ = {
			isa = XCBuildConfiguration;
			buildSettings = {
				ALWAYS_SEARCH_USER_PATHS = NO;
				CLANG_CXX_LANGUAGE_STANDARD = "gnu++0x";
				CLANG_CXX_LIBRARY = "libc++";
				CLANG_ENABLE_MODULES = YES;
				CLANG_ENABLE_OBJC_ARC = YES;
				CLANG_WARN_BOOL_CONVERSION = YES;
				CLANG_WARN_CONSTANT_CONVERSION = YES;
				CLANG_WARN_DIRECT_OBJC_ISA_USAGE = YES_ERROR;
				CLANG_WARN_EMPTY_BODY = YES;
				CLANG_WARN_ENUM_CONVERSION = YES;
				CLANG_WARN_INT_CONVERSION = YES;
				CLANG_WARN_OBJC_ROOT_CLASS = YES_ERROR;
				CLANG_WARN_UNREACHABLE_CODE = YES;
				CLANG_WARN__DUPLICATE_METHOD_MATCH = YES;
				"CODE_SIGN_IDENTITY[sdk=iphoneos*]" = "iPhone Developer";
				COPY_PHASE_STRIP = NO;
				ENABLE_STRICT_OBJC_MSGSEND = YES;
				GCC_C_LANGUAGE_STANDARD = gnu99;
				GCC_DYNAMIC_NO_PIC = NO;
				GCC_OPTIMIZATION_LEVEL = 0;
				GCC_PREPROCESSOR_DEFINITIONS = (
					"DEBUG=1",
					"$(inherited)",
				);
				GCC_SYMBOLS_PRIVATE_EXTERN = NO;
				GCC_WARN_64_TO_32_BIT_CONVERSION = YES;
				GCC_WARN_ABOUT_RETURN_TYPE = YES_ERROR;
				GCC_WARN_UNDECLARED_SELECTOR = YES;
				GCC_WARN_UNINITIALIZED_AUTOS = YES_AGGRESSIVE;
				GCC_WARN_UNUSED_FUNCTION = YES;
				GCC_WARN_UNUSED_VARIABLE = YES;
				IPHONEOS_DEPLOYMENT_TARGET = 8.0;
				MTL_ENABLE_DEBUG_INFO = YES;
				ONLY_ACTIVE_ARCH = YES;
				SDKROOT = iphoneos;
				SWIFT_OPTIMIZATION_LEVEL = "-Onone";
			};
			name = Debug;
		};
		2722FA7519CDD22800798814 /* Release */ = {
			isa = XCBuildConfiguration;
			buildSettings = {
				ALWAYS_SEARCH_USER_PATHS = NO;
				CLANG_CXX_LANGUAGE_STANDARD = "gnu++0x";
				CLANG_CXX_LIBRARY = "libc++";
				CLANG_ENABLE_MODULES = YES;
				CLANG_ENABLE_OBJC_ARC = YES;
				CLANG_WARN_BOOL_CONVERSION = YES;
				CLANG_WARN_CONSTANT_CONVERSION = YES;
				CLANG_WARN_DIRECT_OBJC_ISA_USAGE = YES_ERROR;
				CLANG_WARN_EMPTY_BODY = YES;
				CLANG_WARN_ENUM_CONVERSION = YES;
				CLANG_WARN_INT_CONVERSION = YES;
				CLANG_WARN_OBJC_ROOT_CLASS = YES_ERROR;
				CLANG_WARN_UNREACHABLE_CODE = YES;
				CLANG_WARN__DUPLICATE_METHOD_MATCH = YES;
				"CODE_SIGN_IDENTITY[sdk=iphoneos*]" = "iPhone Developer";
				COPY_PHASE_STRIP = YES;
				ENABLE_NS_ASSERTIONS = NO;
				ENABLE_STRICT_OBJC_MSGSEND = YES;
				GCC_C_LANGUAGE_STANDARD = gnu99;
				GCC_WARN_64_TO_32_BIT_CONVERSION = YES;
				GCC_WARN_ABOUT_RETURN_TYPE = YES_ERROR;
				GCC_WARN_UNDECLARED_SELECTOR = YES;
				GCC_WARN_UNINITIALIZED_AUTOS = YES_AGGRESSIVE;
				GCC_WARN_UNUSED_FUNCTION = YES;
				GCC_WARN_UNUSED_VARIABLE = YES;
				IPHONEOS_DEPLOYMENT_TARGET = 8.0;
				MTL_ENABLE_DEBUG_INFO = NO;
				SDKROOT = iphoneos;
				VALIDATE_PRODUCT = YES;
			};
			name = Release;
		};
		2722FA7719CDD22800798814 /* Debug */ = {
			isa = XCBuildConfiguration;
			buildSettings = {
				ASSETCATALOG_COMPILER_APPICON_NAME = AppIcon;
				ASSETCATALOG_COMPILER_LAUNCHIMAGE_NAME = LaunchImage;
				INFOPLIST_FILE = Carousel/Info.plist;
				IPHONEOS_DEPLOYMENT_TARGET = 7.0;
				LD_RUNPATH_SEARCH_PATHS = "$(inherited) @executable_path/Frameworks";
				PRODUCT_NAME = "$(TARGET_NAME)";
			};
			name = Debug;
		};
		2722FA7819CDD22800798814 /* Release */ = {
			isa = XCBuildConfiguration;
			buildSettings = {
				ASSETCATALOG_COMPILER_APPICON_NAME = AppIcon;
				ASSETCATALOG_COMPILER_LAUNCHIMAGE_NAME = LaunchImage;
				INFOPLIST_FILE = Carousel/Info.plist;
				IPHONEOS_DEPLOYMENT_TARGET = 7.0;
				LD_RUNPATH_SEARCH_PATHS = "$(inherited) @executable_path/Frameworks";
				PRODUCT_NAME = "$(TARGET_NAME)";
			};
			name = Release;
		};
		2722FA7A19CDD22800798814 /* Debug */ = {
			isa = XCBuildConfiguration;
			buildSettings = {
				BUNDLE_LOADER = "$(TEST_HOST)";
				FRAMEWORK_SEARCH_PATHS = (
					"$(SDKROOT)/Developer/Library/Frameworks",
					"$(inherited)",
				);
				GCC_PREPROCESSOR_DEFINITIONS = (
					"DEBUG=1",
					"$(inherited)",
				);
				INFOPLIST_FILE = CarouselTests/Info.plist;
				LD_RUNPATH_SEARCH_PATHS = "$(inherited) @executable_path/Frameworks @loader_path/Frameworks";
				PRODUCT_NAME = "$(TARGET_NAME)";
				TEST_HOST = "$(BUILT_PRODUCTS_DIR)/Carousel.app/Carousel";
			};
			name = Debug;
		};
		2722FA7B19CDD22800798814 /* Release */ = {
			isa = XCBuildConfiguration;
			buildSettings = {
				BUNDLE_LOADER = "$(TEST_HOST)";
				FRAMEWORK_SEARCH_PATHS = (
					"$(SDKROOT)/Developer/Library/Frameworks",
					"$(inherited)",
				);
				INFOPLIST_FILE = CarouselTests/Info.plist;
				LD_RUNPATH_SEARCH_PATHS = "$(inherited) @executable_path/Frameworks @loader_path/Frameworks";
				PRODUCT_NAME = "$(TARGET_NAME)";
				TEST_HOST = "$(BUILT_PRODUCTS_DIR)/Carousel.app/Carousel";
			};
			name = Release;
		};
/* End XCBuildConfiguration section */

/* Begin XCConfigurationList section */
		2722FA5519CDD22800798814 /* Build configuration list for PBXProject "Carousel" */ = {
			isa = XCConfigurationList;
			buildConfigurations = (
				2722FA7419CDD22800798814 /* Debug */,
				2722FA7519CDD22800798814 /* Release */,
			);
			defaultConfigurationIsVisible = 0;
			defaultConfigurationName = Release;
		};
		2722FA7619CDD22800798814 /* Build configuration list for PBXNativeTarget "Carousel" */ = {
			isa = XCConfigurationList;
			buildConfigurations = (
				2722FA7719CDD22800798814 /* Debug */,
				2722FA7819CDD22800798814 /* Release */,
			);
			defaultConfigurationIsVisible = 0;
			defaultConfigurationName = Release;
		};
		2722FA7919CDD22800798814 /* Build configuration list for PBXNativeTarget "CarouselTests" */ = {
			isa = XCConfigurationList;
			buildConfigurations = (
				2722FA7A19CDD22800798814 /* Debug */,
				2722FA7B19CDD22800798814 /* Release */,
			);
			defaultConfigurationIsVisible = 0;
			defaultConfigurationName = Release;
		};
/* End XCConfigurationList section */
	};
	rootObject = 2722FA5219CDD22800798814 /* Project object */;
}
